<?xml version="1.0" encoding="utf-8"?>
<Project ToolsVersion="4.0" xmlns="http://schemas.microsoft.com/developer/msbuild/2003">
  <ItemGroup>
    <Filter Include="Essential">
      <UniqueIdentifier>{63a9bd15-d8e1-42cc-8e58-7810bbe9bde5}</UniqueIdentifier>
    </Filter>
    <Filter Include="Application">
      <UniqueIdentifier>{0dec1c24-a800-462c-b567-f3efd305fac6}</UniqueIdentifier>
    </Filter>
    <Filter Include="Application\Scene">
      <UniqueIdentifier>{6ff9434d-5779-4bf7-92c0-840b550980a2}</UniqueIdentifier>
    </Filter>
    <Filter Include="Application\Lane">
      <UniqueIdentifier>{8db313fb-adad-492f-a52d-78f42409e5cf}</UniqueIdentifier>
    </Filter>
  </ItemGroup>
  <ItemGroup>
    <ClCompile Include="main.cpp" />
    <ClCompile Include="Source\Essential\SampleFramework.cpp">
      <Filter>Essential</Filter>
    </ClCompile>
    <ClCompile Include="Source\Essential\SampleScene.cpp">
      <Filter>Essential</Filter>
    </ClCompile>
    <ClCompile Include="Source\Essential\SceneFactory.cpp">
      <Filter>Essential</Filter>
    </ClCompile>
    <ClCompile Include="Source\Application\Scene\GameScene.cpp">
      <Filter>Application\Scene</Filter>
    </ClCompile>
    <ClCompile Include="Source\Application\Lane\Lane.cpp">
      <Filter>Application\Lane</Filter>
    </ClCompile>
  </ItemGroup>
  <ItemGroup>
    <ClInclude Include="Source\Essential\SampleFramework.h">
      <Filter>Essential</Filter>
    </ClInclude>
    <ClInclude Include="Source\Essential\SampleScene.h">
      <Filter>Essential</Filter>
    </ClInclude>
    <ClInclude Include="Source\Essential\SceneFactory.h">
      <Filter>Essential</Filter>
    </ClInclude>
    <ClInclude Include="Source\Application\Scene\GameScene.h">
      <Filter>Application\Scene</Filter>
    </ClInclude>
    <ClInclude Include="Source\Application\Lane\Lane.h">
      <Filter>Application\Lane</Filter>
    </ClInclude>
  </ItemGroup>
  <ItemGroup>
    <None Include=".editorconfig" />
  </ItemGroup>
</Project>